
Microsoft Visual Studio Solution File, Format Version 12.00
# Visual Studio Version 16
VisualStudioVersion = 16.0.30503.244
MinimumVisualStudioVersion = 10.0.40219.1
Project("{8BC9CEB8-8B4A-11D0-8D11-00A0C91BC942}") = "task8", "task8\task8.vcxproj", "{F96DB498-1AAD-4B1A-8168-38081069E430}"
EndProject
Global
	GlobalSection(SolutionConfigurationPlatforms) = preSolution
		Debug|x64 = Debug|x64
		Debug|x86 = Debug|x86
		Release|x64 = Release|x64
		Release|x86 = Release|x86
	EndGlobalSection
	GlobalSection(ProjectConfigurationPlatforms) = postSolution
		{F96DB498-1AAD-4B1A-8168-38081069E430}.Debug|x64.ActiveCfg = Debug|x64
		{F96DB498-1AAD-4B1A-8168-38081069E430}.Debug|x64.Build.0 = Debug|x64
		{F96DB498-1AAD-4B1A-8168-38081069E430}.Debug|x86.ActiveCfg = Debug|Win32
		{F96DB498-1AAD-4B1A-8168-38081069E430}.Debug|x86.Build.0 = Debug|Win32
		{F96DB498-1AAD-4B1A-8168-38081069E430}.Release|x64.ActiveCfg = Release|x64
		{F96DB498-1AAD-4B1A-8168-38081069E430}.Release|x64.Build.0 = Release|x64
		{F96DB498-1AAD-4B1A-8168-38081069E430}.Release|x86.ActiveCfg = Release|Win32
		{F96DB498-1AAD-4B1A-8168-38081069E430}.Release|x86.Build.0 = Release|Win32
	EndGlobalSection
	GlobalSection(SolutionProperties) = preSolution
		HideSolutionNode = FALSE
	EndGlobalSection
	GlobalSection(ExtensibilityGlobals) = postSolution
		SolutionGuid = {0EA65194-2DBC-4161-820A-05F38ABB6728}
	EndGlobalSection
EndGlobal
